
Microsoft Visual Studio Solution File, Format Version 12.00
# Visual Studio Version 17
VisualStudioVersion = 17.14.36301.6
MinimumVisualStudioVersion = 10.0.40219.1
Project("{FAE04EC0-301F-11D3-BF4B-00C04F79EFBC}") = "Api-Telemetry-F1", "Api-Telemetry-F1.csproj", "{8BD174C3-16D8-4547-880F-A726DBDC27BA}"
EndProject
Project("{FAE04EC0-301F-11D3-BF4B-00C04F79EFBC}") = "F1VoiceDashboardWorker", "..\F1VoiceDashboardWorker\F1VoiceDashboardWorker.csproj", "{133B6D4D-F201-4235-8297-3B93F52E0D81}"
EndProject
Project("{FAE04EC0-301F-11D3-BF4B-00C04F79EFBC}") = "F1DashBoardUI", "..\F1DashBoardUI\F1DashBoardUI.csproj", "{B58380E5-1F84-4719-8812-C4C1C6630478}"
EndProject
Global
	GlobalSection(SolutionConfigurationPlatforms) = preSolution
		Debug|Any CPU = Debug|Any CPU
		Release|Any CPU = Release|Any CPU
	EndGlobalSection
	GlobalSection(ProjectConfigurationPlatforms) = postSolution
		{8BD174C3-16D8-4547-880F-A726DBDC27BA}.Debug|Any CPU.ActiveCfg = Debug|Any CPU
		{8BD174C3-16D8-4547-880F-A726DBDC27BA}.Debug|Any CPU.Build.0 = Debug|Any CPU
		{8BD174C3-16D8-4547-880F-A726DBDC27BA}.Release|Any CPU.ActiveCfg = Release|Any CPU
		{8BD174C3-16D8-4547-880F-A726DBDC27BA}.Release|Any CPU.Build.0 = Release|Any CPU
		{133B6D4D-F201-4235-8297-3B93F52E0D81}.Debug|Any CPU.ActiveCfg = Debug|Any CPU
		{133B6D4D-F201-4235-8297-3B93F52E0D81}.Debug|Any CPU.Build.0 = Debug|Any CPU
		{133B6D4D-F201-4235-8297-3B93F52E0D81}.Release|Any CPU.ActiveCfg = Release|Any CPU
		{133B6D4D-F201-4235-8297-3B93F52E0D81}.Release|Any CPU.Build.0 = Release|Any CPU
		{B58380E5-1F84-4719-8812-C4C1C6630478}.Debug|Any CPU.ActiveCfg = Debug|Any CPU
		{B58380E5-1F84-4719-8812-C4C1C6630478}.Debug|Any CPU.Build.0 = Debug|Any CPU
		{B58380E5-1F84-4719-8812-C4C1C6630478}.Release|Any CPU.ActiveCfg = Release|Any CPU
		{B58380E5-1F84-4719-8812-C4C1C6630478}.Release|Any CPU.Build.0 = Release|Any CPU
	EndGlobalSection
	GlobalSection(SolutionProperties) = preSolution
		HideSolutionNode = FALSE
	EndGlobalSection
	GlobalSection(ExtensibilityGlobals) = postSolution
		SolutionGuid = {81B9EC1E-7AB3-4456-9F40-C95FB47CF4D2}
	EndGlobalSection
EndGlobal
